
Microsoft Visual Studio Solution File, Format Version 12.00
# Visual Studio Version 16
VisualStudioVersion = 16.0.30907.101
MinimumVisualStudioVersion = 10.0.40219.1
Project("{FAE04EC0-301F-11D3-BF4B-00C04F79EFBC}") = "IdealSleepTimeTeller", "IdealSleepTimeTeller.csproj", "{2E1282B9-E53A-4FD7-B36C-C2D6CC362AEC}"
EndProject
Global
	GlobalSection(SolutionConfigurationPlatforms) = preSolution
		Debug|Any CPU = Debug|Any CPU
		Release|Any CPU = Release|Any CPU
	EndGlobalSection
	GlobalSection(ProjectConfigurationPlatforms) = postSolution
		{2E1282B9-E53A-4FD7-B36C-C2D6CC362AEC}.Debug|Any CPU.ActiveCfg = Debug|Any CPU
		{2E1282B9-E53A-4FD7-B36C-C2D6CC362AEC}.Debug|Any CPU.Build.0 = Debug|Any CPU
		{2E1282B9-E53A-4FD7-B36C-C2D6CC362AEC}.Release|Any CPU.ActiveCfg = Release|Any CPU
		{2E1282B9-E53A-4FD7-B36C-C2D6CC362AEC}.Release|Any CPU.Build.0 = Release|Any CPU
	EndGlobalSection
	GlobalSection(SolutionProperties) = preSolution
		HideSolutionNode = FALSE
	EndGlobalSection
	GlobalSection(ExtensibilityGlobals) = postSolution
		SolutionGuid = {D0077673-0EDB-4BF5-A0C1-4298A102B1ED}
	EndGlobalSection
EndGlobal
